
Microsoft Visual Studio Solution File, Format Version 12.00
# Visual Studio Version 17
VisualStudioVersion = 17.14.36109.1 d17.14
MinimumVisualStudioVersion = 10.0.40219.1
Project("{FAE04EC0-301F-11D3-BF4B-00C04F79EFBC}") = "Task1Paint", "LabWork42\Task1Paint.csproj", "{5BFD4A5D-043D-4F93-ABD5-FEAB3BFD93F3}"
EndProject
Project("{FAE04EC0-301F-11D3-BF4B-00C04F79EFBC}") = "Task2ImageCarousel", "Task2ImageCarousel\Task2ImageCarousel.csproj", "{9A836783-36BB-4E5C-A9CE-5451B31E30AB}"
EndProject
Project("{FAE04EC0-301F-11D3-BF4B-00C04F79EFBC}") = "Task3AudioVideo", "Task3AudioVideo\Task3AudioVideo.csproj", "{C0B74BE2-ED5E-460D-AC5D-B7E69497816E}"
EndProject
Global
	GlobalSection(SolutionConfigurationPlatforms) = preSolution
		Debug|Any CPU = Debug|Any CPU
		Release|Any CPU = Release|Any CPU
	EndGlobalSection
	GlobalSection(ProjectConfigurationPlatforms) = postSolution
		{5BFD4A5D-043D-4F93-ABD5-FEAB3BFD93F3}.Debug|Any CPU.ActiveCfg = Debug|Any CPU
		{5BFD4A5D-043D-4F93-ABD5-FEAB3BFD93F3}.Debug|Any CPU.Build.0 = Debug|Any CPU
		{5BFD4A5D-043D-4F93-ABD5-FEAB3BFD93F3}.Release|Any CPU.ActiveCfg = Release|Any CPU
		{5BFD4A5D-043D-4F93-ABD5-FEAB3BFD93F3}.Release|Any CPU.Build.0 = Release|Any CPU
		{9A836783-36BB-4E5C-A9CE-5451B31E30AB}.Debug|Any CPU.ActiveCfg = Debug|Any CPU
		{9A836783-36BB-4E5C-A9CE-5451B31E30AB}.Debug|Any CPU.Build.0 = Debug|Any CPU
		{9A836783-36BB-4E5C-A9CE-5451B31E30AB}.Release|Any CPU.ActiveCfg = Release|Any CPU
		{9A836783-36BB-4E5C-A9CE-5451B31E30AB}.Release|Any CPU.Build.0 = Release|Any CPU
		{C0B74BE2-ED5E-460D-AC5D-B7E69497816E}.Debug|Any CPU.ActiveCfg = Debug|Any CPU
		{C0B74BE2-ED5E-460D-AC5D-B7E69497816E}.Debug|Any CPU.Build.0 = Debug|Any CPU
		{C0B74BE2-ED5E-460D-AC5D-B7E69497816E}.Release|Any CPU.ActiveCfg = Release|Any CPU
		{C0B74BE2-ED5E-460D-AC5D-B7E69497816E}.Release|Any CPU.Build.0 = Release|Any CPU
	EndGlobalSection
	GlobalSection(SolutionProperties) = preSolution
		HideSolutionNode = FALSE
	EndGlobalSection
	GlobalSection(ExtensibilityGlobals) = postSolution
		SolutionGuid = {614464FE-9B80-48A2-A133-605B4C92627D}
	EndGlobalSection
EndGlobal
