
Microsoft Visual Studio Solution File, Format Version 12.00
# Visual Studio Version 17
VisualStudioVersion = 17.14.36109.1 d17.14
MinimumVisualStudioVersion = 10.0.40219.1
Project("{FAE04EC0-301F-11D3-BF4B-00C04F79EFBC}") = "BotConstructor", "BotConstructor\BotConstructor.csproj", "{7EA17960-546A-4D72-889F-8B2D6BB55E25}"
EndProject
Global
	GlobalSection(SolutionConfigurationPlatforms) = preSolution
		Debug|Any CPU = Debug|Any CPU
		Release|Any CPU = Release|Any CPU
	EndGlobalSection
	GlobalSection(ProjectConfigurationPlatforms) = postSolution
		{7EA17960-546A-4D72-889F-8B2D6BB55E25}.Debug|Any CPU.ActiveCfg = Debug|Any CPU
		{7EA17960-546A-4D72-889F-8B2D6BB55E25}.Debug|Any CPU.Build.0 = Debug|Any CPU
		{7EA17960-546A-4D72-889F-8B2D6BB55E25}.Release|Any CPU.ActiveCfg = Release|Any CPU
		{7EA17960-546A-4D72-889F-8B2D6BB55E25}.Release|Any CPU.Build.0 = Release|Any CPU
	EndGlobalSection
	GlobalSection(SolutionProperties) = preSolution
		HideSolutionNode = FALSE
	EndGlobalSection
	GlobalSection(ExtensibilityGlobals) = postSolution
		SolutionGuid = {81F16B4C-6BBB-4576-A3F6-106CB38D694B}
	EndGlobalSection
EndGlobal
