
Microsoft Visual Studio Solution File, Format Version 12.00
# Visual Studio Version 17
VisualStudioVersion = 17.12.35527.113
MinimumVisualStudioVersion = 10.0.40219.1
Project("{FAE04EC0-301F-11D3-BF4B-00C04F79EFBC}") = "Lections0116", "Lections0116\Lections0116.csproj", "{3AE13433-3DD9-4709-B9FB-03ABE3A0C573}"
EndProject
Project("{FAE04EC0-301F-11D3-BF4B-00C04F79EFBC}") = "Lections0116Tests", "Lections0116Tests\Lections0116Tests.csproj", "{E01731B9-A152-4319-97F9-362F9B5D133F}"
EndProject
Project("{FAE04EC0-301F-11D3-BF4B-00C04F79EFBC}") = "Lection0117", "Lection0117\Lection0117.csproj", "{07D16FF3-5DC4-44FB-81EB-9785EA6D0DF6}"
EndProject
Project("{FAE04EC0-301F-11D3-BF4B-00C04F79EFBC}") = "Lection0125", "Lection0125\Lection0125.csproj", "{B014976C-F034-4938-992C-F54EB2AFB747}"
EndProject
Project("{FAE04EC0-301F-11D3-BF4B-00C04F79EFBC}") = "Lection0128", "Lection0128\Lection0128.csproj", "{6E8D045A-3C47-43D4-B778-779495560E6C}"
EndProject
Project("{FAE04EC0-301F-11D3-BF4B-00C04F79EFBC}") = "Lection0130", "Lection0130\Lection0130.csproj", "{84E1A73D-BFA2-414C-83CE-1C510E90FDF2}"
EndProject
Project("{FAE04EC0-301F-11D3-BF4B-00C04F79EFBC}") = "Lection0131", "Lection0131\Lection0131.csproj", "{6EFCA69A-2980-4A5B-92B7-4C59A4FB8E77}"
EndProject
Project("{FAE04EC0-301F-11D3-BF4B-00C04F79EFBC}") = "Lection0203", "Lection0203\Lection0203.csproj", "{46D68DC8-BB5B-4B6E-BB63-3702614A6644}"
EndProject
Project("{FAE04EC0-301F-11D3-BF4B-00C04F79EFBC}") = "Lection0208", "Lection0208\Lection0208.csproj", "{0C032CB5-03B9-46C4-9BE7-31D44B4F56EA}"
EndProject
Project("{FAE04EC0-301F-11D3-BF4B-00C04F79EFBC}") = "Lection0208(2)", "Lection0208(2)\Lection0208(2).csproj", "{66E3433E-6E97-4A77-B57A-12D8AEE97EF4}"
EndProject
Project("{FAE04EC0-301F-11D3-BF4B-00C04F79EFBC}") = "Lection0227", "Lection0227\Lection0227.csproj", "{C2457214-288B-497C-A7C2-F15DBB644459}"
EndProject
Project("{FAE04EC0-301F-11D3-BF4B-00C04F79EFBC}") = "Lection0227(2)", "Lection0227(2)\Lection0227(2).csproj", "{9FA446D4-1F82-457A-A95E-D2CEAF7C42EA}"
EndProject
Project("{FAE04EC0-301F-11D3-BF4B-00C04F79EFBC}") = "Lection0303", "Lection0303\Lection0303.csproj", "{64B95451-033B-4673-8703-20D1E00122AC}"
EndProject
Project("{FAE04EC0-301F-11D3-BF4B-00C04F79EFBC}") = "Lecture0304", "Lecture0304\Lecture0304.csproj", "{6262EABC-D6DC-40AE-87D6-178EA5CC2EDE}"
EndProject
Project("{FAE04EC0-301F-11D3-BF4B-00C04F79EFBC}") = "Lection0312", "Lection0312\Lection0312.csproj", "{4CE433B0-42A4-42BF-AFCF-5901138D1D28}"
EndProject
Project("{FAE04EC0-301F-11D3-BF4B-00C04F79EFBC}") = "Lection0317", "Lection0317\Lection0317.csproj", "{0AA02F20-8091-4B40-9DCF-D1184CD72A4D}"
EndProject
Project("{FAE04EC0-301F-11D3-BF4B-00C04F79EFBC}") = "Lection0318Api1", "Lection0318Api1\Lection0318Api1.csproj", "{62CC66EF-E85D-409F-8065-43C331293948}"
EndProject
Project("{FAE04EC0-301F-11D3-BF4B-00C04F79EFBC}") = "Lection0318Api2", "Lection0318API3\Lection0318Api2.csproj", "{DD5ED140-8D40-46F5-BB4C-BDED70F68034}"
EndProject
Project("{FAE04EC0-301F-11D3-BF4B-00C04F79EFBC}") = "Lection0320", "Lection0320\Lection0320.csproj", "{0F490A6A-F83D-42FA-842A-F83D37BBB2B5}"
EndProject
Project("{FAE04EC0-301F-11D3-BF4B-00C04F79EFBC}") = "Lection0324", "Lection0324\Lection0324.csproj", "{BC7E3DE4-3ACD-492D-8D52-5E1C32705E1D}"
EndProject
Project("{FAE04EC0-301F-11D3-BF4B-00C04F79EFBC}") = "Lection0402", "Lection0402\Lection0402.csproj", "{3CC58223-6B4C-40D5-97C7-35B07AFA0368}"
EndProject
Project("{FAE04EC0-301F-11D3-BF4B-00C04F79EFBC}") = "Lection0407", "Lection0407\Lection0407.csproj", "{2109EA24-3BB6-456C-8B57-B735C4360E39}"
EndProject
Project("{FAE04EC0-301F-11D3-BF4B-00C04F79EFBC}") = "Lection0407WpfApp", "Lection0407WpfApp\Lection0407WpfApp.csproj", "{B7EDF6B7-5A18-44AB-A4D9-8ADCA0063B7B}"
EndProject
Project("{FAE04EC0-301F-11D3-BF4B-00C04F79EFBC}") = "Lection0409", "Lection0409\Lection0409.csproj", "{63347F9F-53C5-4F9E-AA14-C1FDF74031FC}"
EndProject
Project("{FAE04EC0-301F-11D3-BF4B-00C04F79EFBC}") = "Lection0421", "WpfApp1\Lection0421.csproj", "{3A50ECB4-5AF8-40F2-809D-1842EFCF233A}"
EndProject
Project("{FAE04EC0-301F-11D3-BF4B-00C04F79EFBC}") = "Lection0422", "Lection0422\Lection0422.csproj", "{93F8FD7E-0FCF-4CC7-B41C-F638FAFA737C}"
EndProject
Project("{FAE04EC0-301F-11D3-BF4B-00C04F79EFBC}") = "Lection0423", "Lection0423\Lection0423.csproj", "{5F18E9CA-CA82-49C8-A538-41EBC3C7E84A}"
EndProject
Project("{FAE04EC0-301F-11D3-BF4B-00C04F79EFBC}") = "Letion0425", "Letion0425\Letion0425.csproj", "{EFC327A3-1174-4A55-B9FF-9BA010196EDD}"
EndProject
Project("{FAE04EC0-301F-11D3-BF4B-00C04F79EFBC}") = "Lection0428", "Lection0428\Lection0428.csproj", "{F71A94DC-E728-4313-82D5-C8A9471B85FA}"
EndProject
Project("{FAE04EC0-301F-11D3-BF4B-00C04F79EFBC}") = "Lection0507", "Lection0507\Lection0507.csproj", "{F852D5D6-26F2-4B08-B2CC-B88C1FA867DD}"
EndProject
Project("{FAE04EC0-301F-11D3-BF4B-00C04F79EFBC}") = "Lection0526", "Lection0526\Lection0526.csproj", "{FBE14497-1BC5-495A-B074-A7BA36E96991}"
EndProject
Project("{FAE04EC0-301F-11D3-BF4B-00C04F79EFBC}") = "Lection0527", "Lection0527\Lection0527.csproj", "{D6BAFA40-A38C-4B68-8321-59ABD6581B0A}"
EndProject
Project("{FAE04EC0-301F-11D3-BF4B-00C04F79EFBC}") = "Lection0528", "Lection0528\Lection0528.csproj", "{27436255-8554-4CB5-968F-3E4A6C637B44}"
EndProject
Project("{FAE04EC0-301F-11D3-BF4B-00C04F79EFBC}") = "Lection0531", "Lection0531\Lection0531.csproj", "{A56F4C96-AEDD-44FC-A55B-8B4FA9FE047B}"
EndProject
Project("{FAE04EC0-301F-11D3-BF4B-00C04F79EFBC}") = "WpfControlLibrary", "WpfControlLibrary\WpfControlLibrary.csproj", "{683B812E-EFA9-4C71-B50F-D0BE59ECBE23}"
EndProject
Project("{FAE04EC0-301F-11D3-BF4B-00C04F79EFBC}") = "Lection0531MauiApp", "Lection0531MauiApp\Lection0531MauiApp.csproj", "{B7F7AF16-C47D-4C96-8D71-801D4031E67C}"
EndProject
Global
	GlobalSection(SolutionConfigurationPlatforms) = preSolution
		Debug|Any CPU = Debug|Any CPU
		Release|Any CPU = Release|Any CPU
	EndGlobalSection
	GlobalSection(ProjectConfigurationPlatforms) = postSolution
		{3AE13433-3DD9-4709-B9FB-03ABE3A0C573}.Debug|Any CPU.ActiveCfg = Debug|Any CPU
		{3AE13433-3DD9-4709-B9FB-03ABE3A0C573}.Debug|Any CPU.Build.0 = Debug|Any CPU
		{3AE13433-3DD9-4709-B9FB-03ABE3A0C573}.Release|Any CPU.ActiveCfg = Release|Any CPU
		{3AE13433-3DD9-4709-B9FB-03ABE3A0C573}.Release|Any CPU.Build.0 = Release|Any CPU
		{E01731B9-A152-4319-97F9-362F9B5D133F}.Debug|Any CPU.ActiveCfg = Debug|Any CPU
		{E01731B9-A152-4319-97F9-362F9B5D133F}.Debug|Any CPU.Build.0 = Debug|Any CPU
		{E01731B9-A152-4319-97F9-362F9B5D133F}.Release|Any CPU.ActiveCfg = Release|Any CPU
		{E01731B9-A152-4319-97F9-362F9B5D133F}.Release|Any CPU.Build.0 = Release|Any CPU
		{07D16FF3-5DC4-44FB-81EB-9785EA6D0DF6}.Debug|Any CPU.ActiveCfg = Debug|Any CPU
		{07D16FF3-5DC4-44FB-81EB-9785EA6D0DF6}.Debug|Any CPU.Build.0 = Debug|Any CPU
		{07D16FF3-5DC4-44FB-81EB-9785EA6D0DF6}.Release|Any CPU.ActiveCfg = Release|Any CPU
		{07D16FF3-5DC4-44FB-81EB-9785EA6D0DF6}.Release|Any CPU.Build.0 = Release|Any CPU
		{B014976C-F034-4938-992C-F54EB2AFB747}.Debug|Any CPU.ActiveCfg = Debug|Any CPU
		{B014976C-F034-4938-992C-F54EB2AFB747}.Debug|Any CPU.Build.0 = Debug|Any CPU
		{B014976C-F034-4938-992C-F54EB2AFB747}.Release|Any CPU.ActiveCfg = Release|Any CPU
		{B014976C-F034-4938-992C-F54EB2AFB747}.Release|Any CPU.Build.0 = Release|Any CPU
		{6E8D045A-3C47-43D4-B778-779495560E6C}.Debug|Any CPU.ActiveCfg = Debug|Any CPU
		{6E8D045A-3C47-43D4-B778-779495560E6C}.Debug|Any CPU.Build.0 = Debug|Any CPU
		{6E8D045A-3C47-43D4-B778-779495560E6C}.Release|Any CPU.ActiveCfg = Release|Any CPU
		{6E8D045A-3C47-43D4-B778-779495560E6C}.Release|Any CPU.Build.0 = Release|Any CPU
		{84E1A73D-BFA2-414C-83CE-1C510E90FDF2}.Debug|Any CPU.ActiveCfg = Debug|Any CPU
		{84E1A73D-BFA2-414C-83CE-1C510E90FDF2}.Debug|Any CPU.Build.0 = Debug|Any CPU
		{84E1A73D-BFA2-414C-83CE-1C510E90FDF2}.Release|Any CPU.ActiveCfg = Release|Any CPU
		{84E1A73D-BFA2-414C-83CE-1C510E90FDF2}.Release|Any CPU.Build.0 = Release|Any CPU
		{6EFCA69A-2980-4A5B-92B7-4C59A4FB8E77}.Debug|Any CPU.ActiveCfg = Debug|Any CPU
		{6EFCA69A-2980-4A5B-92B7-4C59A4FB8E77}.Debug|Any CPU.Build.0 = Debug|Any CPU
		{6EFCA69A-2980-4A5B-92B7-4C59A4FB8E77}.Release|Any CPU.ActiveCfg = Release|Any CPU
		{6EFCA69A-2980-4A5B-92B7-4C59A4FB8E77}.Release|Any CPU.Build.0 = Release|Any CPU
		{46D68DC8-BB5B-4B6E-BB63-3702614A6644}.Debug|Any CPU.ActiveCfg = Debug|Any CPU
		{46D68DC8-BB5B-4B6E-BB63-3702614A6644}.Debug|Any CPU.Build.0 = Debug|Any CPU
		{46D68DC8-BB5B-4B6E-BB63-3702614A6644}.Release|Any CPU.ActiveCfg = Release|Any CPU
		{46D68DC8-BB5B-4B6E-BB63-3702614A6644}.Release|Any CPU.Build.0 = Release|Any CPU
		{0C032CB5-03B9-46C4-9BE7-31D44B4F56EA}.Debug|Any CPU.ActiveCfg = Debug|Any CPU
		{0C032CB5-03B9-46C4-9BE7-31D44B4F56EA}.Debug|Any CPU.Build.0 = Debug|Any CPU
		{0C032CB5-03B9-46C4-9BE7-31D44B4F56EA}.Release|Any CPU.ActiveCfg = Release|Any CPU
		{0C032CB5-03B9-46C4-9BE7-31D44B4F56EA}.Release|Any CPU.Build.0 = Release|Any CPU
		{66E3433E-6E97-4A77-B57A-12D8AEE97EF4}.Debug|Any CPU.ActiveCfg = Debug|Any CPU
		{66E3433E-6E97-4A77-B57A-12D8AEE97EF4}.Debug|Any CPU.Build.0 = Debug|Any CPU
		{66E3433E-6E97-4A77-B57A-12D8AEE97EF4}.Release|Any CPU.ActiveCfg = Release|Any CPU
		{66E3433E-6E97-4A77-B57A-12D8AEE97EF4}.Release|Any CPU.Build.0 = Release|Any CPU
		{C2457214-288B-497C-A7C2-F15DBB644459}.Debug|Any CPU.ActiveCfg = Debug|Any CPU
		{C2457214-288B-497C-A7C2-F15DBB644459}.Debug|Any CPU.Build.0 = Debug|Any CPU
		{C2457214-288B-497C-A7C2-F15DBB644459}.Release|Any CPU.ActiveCfg = Release|Any CPU
		{C2457214-288B-497C-A7C2-F15DBB644459}.Release|Any CPU.Build.0 = Release|Any CPU
		{9FA446D4-1F82-457A-A95E-D2CEAF7C42EA}.Debug|Any CPU.ActiveCfg = Debug|Any CPU
		{9FA446D4-1F82-457A-A95E-D2CEAF7C42EA}.Debug|Any CPU.Build.0 = Debug|Any CPU
		{9FA446D4-1F82-457A-A95E-D2CEAF7C42EA}.Release|Any CPU.ActiveCfg = Release|Any CPU
		{9FA446D4-1F82-457A-A95E-D2CEAF7C42EA}.Release|Any CPU.Build.0 = Release|Any CPU
		{64B95451-033B-4673-8703-20D1E00122AC}.Debug|Any CPU.ActiveCfg = Debug|Any CPU
		{64B95451-033B-4673-8703-20D1E00122AC}.Debug|Any CPU.Build.0 = Debug|Any CPU
		{64B95451-033B-4673-8703-20D1E00122AC}.Release|Any CPU.ActiveCfg = Release|Any CPU
		{64B95451-033B-4673-8703-20D1E00122AC}.Release|Any CPU.Build.0 = Release|Any CPU
		{6262EABC-D6DC-40AE-87D6-178EA5CC2EDE}.Debug|Any CPU.ActiveCfg = Debug|Any CPU
		{6262EABC-D6DC-40AE-87D6-178EA5CC2EDE}.Debug|Any CPU.Build.0 = Debug|Any CPU
		{6262EABC-D6DC-40AE-87D6-178EA5CC2EDE}.Release|Any CPU.ActiveCfg = Release|Any CPU
		{6262EABC-D6DC-40AE-87D6-178EA5CC2EDE}.Release|Any CPU.Build.0 = Release|Any CPU
		{4CE433B0-42A4-42BF-AFCF-5901138D1D28}.Debug|Any CPU.ActiveCfg = Debug|Any CPU
		{4CE433B0-42A4-42BF-AFCF-5901138D1D28}.Debug|Any CPU.Build.0 = Debug|Any CPU
		{4CE433B0-42A4-42BF-AFCF-5901138D1D28}.Release|Any CPU.ActiveCfg = Release|Any CPU
		{4CE433B0-42A4-42BF-AFCF-5901138D1D28}.Release|Any CPU.Build.0 = Release|Any CPU
		{0AA02F20-8091-4B40-9DCF-D1184CD72A4D}.Debug|Any CPU.ActiveCfg = Debug|Any CPU
		{0AA02F20-8091-4B40-9DCF-D1184CD72A4D}.Debug|Any CPU.Build.0 = Debug|Any CPU
		{0AA02F20-8091-4B40-9DCF-D1184CD72A4D}.Release|Any CPU.ActiveCfg = Release|Any CPU
		{0AA02F20-8091-4B40-9DCF-D1184CD72A4D}.Release|Any CPU.Build.0 = Release|Any CPU
		{62CC66EF-E85D-409F-8065-43C331293948}.Debug|Any CPU.ActiveCfg = Debug|Any CPU
		{62CC66EF-E85D-409F-8065-43C331293948}.Debug|Any CPU.Build.0 = Debug|Any CPU
		{62CC66EF-E85D-409F-8065-43C331293948}.Release|Any CPU.ActiveCfg = Release|Any CPU
		{62CC66EF-E85D-409F-8065-43C331293948}.Release|Any CPU.Build.0 = Release|Any CPU
		{DD5ED140-8D40-46F5-BB4C-BDED70F68034}.Debug|Any CPU.ActiveCfg = Debug|Any CPU
		{DD5ED140-8D40-46F5-BB4C-BDED70F68034}.Debug|Any CPU.Build.0 = Debug|Any CPU
		{DD5ED140-8D40-46F5-BB4C-BDED70F68034}.Release|Any CPU.ActiveCfg = Release|Any CPU
		{DD5ED140-8D40-46F5-BB4C-BDED70F68034}.Release|Any CPU.Build.0 = Release|Any CPU
		{0F490A6A-F83D-42FA-842A-F83D37BBB2B5}.Debug|Any CPU.ActiveCfg = Debug|Any CPU
		{0F490A6A-F83D-42FA-842A-F83D37BBB2B5}.Debug|Any CPU.Build.0 = Debug|Any CPU
		{0F490A6A-F83D-42FA-842A-F83D37BBB2B5}.Release|Any CPU.ActiveCfg = Release|Any CPU
		{0F490A6A-F83D-42FA-842A-F83D37BBB2B5}.Release|Any CPU.Build.0 = Release|Any CPU
		{BC7E3DE4-3ACD-492D-8D52-5E1C32705E1D}.Debug|Any CPU.ActiveCfg = Debug|Any CPU
		{BC7E3DE4-3ACD-492D-8D52-5E1C32705E1D}.Debug|Any CPU.Build.0 = Debug|Any CPU
		{BC7E3DE4-3ACD-492D-8D52-5E1C32705E1D}.Release|Any CPU.ActiveCfg = Release|Any CPU
		{BC7E3DE4-3ACD-492D-8D52-5E1C32705E1D}.Release|Any CPU.Build.0 = Release|Any CPU
		{3CC58223-6B4C-40D5-97C7-35B07AFA0368}.Debug|Any CPU.ActiveCfg = Debug|Any CPU
		{3CC58223-6B4C-40D5-97C7-35B07AFA0368}.Debug|Any CPU.Build.0 = Debug|Any CPU
		{3CC58223-6B4C-40D5-97C7-35B07AFA0368}.Release|Any CPU.ActiveCfg = Release|Any CPU
		{3CC58223-6B4C-40D5-97C7-35B07AFA0368}.Release|Any CPU.Build.0 = Release|Any CPU
		{2109EA24-3BB6-456C-8B57-B735C4360E39}.Debug|Any CPU.ActiveCfg = Debug|Any CPU
		{2109EA24-3BB6-456C-8B57-B735C4360E39}.Debug|Any CPU.Build.0 = Debug|Any CPU
		{2109EA24-3BB6-456C-8B57-B735C4360E39}.Release|Any CPU.ActiveCfg = Release|Any CPU
		{2109EA24-3BB6-456C-8B57-B735C4360E39}.Release|Any CPU.Build.0 = Release|Any CPU
		{B7EDF6B7-5A18-44AB-A4D9-8ADCA0063B7B}.Debug|Any CPU.ActiveCfg = Debug|Any CPU
		{B7EDF6B7-5A18-44AB-A4D9-8ADCA0063B7B}.Debug|Any CPU.Build.0 = Debug|Any CPU
		{B7EDF6B7-5A18-44AB-A4D9-8ADCA0063B7B}.Release|Any CPU.ActiveCfg = Release|Any CPU
		{B7EDF6B7-5A18-44AB-A4D9-8ADCA0063B7B}.Release|Any CPU.Build.0 = Release|Any CPU
		{63347F9F-53C5-4F9E-AA14-C1FDF74031FC}.Debug|Any CPU.ActiveCfg = Debug|Any CPU
		{63347F9F-53C5-4F9E-AA14-C1FDF74031FC}.Debug|Any CPU.Build.0 = Debug|Any CPU
		{63347F9F-53C5-4F9E-AA14-C1FDF74031FC}.Release|Any CPU.ActiveCfg = Release|Any CPU
		{63347F9F-53C5-4F9E-AA14-C1FDF74031FC}.Release|Any CPU.Build.0 = Release|Any CPU
		{3A50ECB4-5AF8-40F2-809D-1842EFCF233A}.Debug|Any CPU.ActiveCfg = Debug|Any CPU
		{3A50ECB4-5AF8-40F2-809D-1842EFCF233A}.Debug|Any CPU.Build.0 = Debug|Any CPU
		{3A50ECB4-5AF8-40F2-809D-1842EFCF233A}.Release|Any CPU.ActiveCfg = Release|Any CPU
		{3A50ECB4-5AF8-40F2-809D-1842EFCF233A}.Release|Any CPU.Build.0 = Release|Any CPU
		{93F8FD7E-0FCF-4CC7-B41C-F638FAFA737C}.Debug|Any CPU.ActiveCfg = Debug|Any CPU
		{93F8FD7E-0FCF-4CC7-B41C-F638FAFA737C}.Debug|Any CPU.Build.0 = Debug|Any CPU
		{93F8FD7E-0FCF-4CC7-B41C-F638FAFA737C}.Release|Any CPU.ActiveCfg = Release|Any CPU
		{93F8FD7E-0FCF-4CC7-B41C-F638FAFA737C}.Release|Any CPU.Build.0 = Release|Any CPU
		{5F18E9CA-CA82-49C8-A538-41EBC3C7E84A}.Debug|Any CPU.ActiveCfg = Debug|Any CPU
		{5F18E9CA-CA82-49C8-A538-41EBC3C7E84A}.Debug|Any CPU.Build.0 = Debug|Any CPU
		{5F18E9CA-CA82-49C8-A538-41EBC3C7E84A}.Release|Any CPU.ActiveCfg = Release|Any CPU
		{5F18E9CA-CA82-49C8-A538-41EBC3C7E84A}.Release|Any CPU.Build.0 = Release|Any CPU
		{EFC327A3-1174-4A55-B9FF-9BA010196EDD}.Debug|Any CPU.ActiveCfg = Debug|Any CPU
		{EFC327A3-1174-4A55-B9FF-9BA010196EDD}.Debug|Any CPU.Build.0 = Debug|Any CPU
		{EFC327A3-1174-4A55-B9FF-9BA010196EDD}.Release|Any CPU.ActiveCfg = Release|Any CPU
		{EFC327A3-1174-4A55-B9FF-9BA010196EDD}.Release|Any CPU.Build.0 = Release|Any CPU
		{F71A94DC-E728-4313-82D5-C8A9471B85FA}.Debug|Any CPU.ActiveCfg = Debug|Any CPU
		{F71A94DC-E728-4313-82D5-C8A9471B85FA}.Debug|Any CPU.Build.0 = Debug|Any CPU
		{F71A94DC-E728-4313-82D5-C8A9471B85FA}.Release|Any CPU.ActiveCfg = Release|Any CPU
		{F71A94DC-E728-4313-82D5-C8A9471B85FA}.Release|Any CPU.Build.0 = Release|Any CPU
		{F852D5D6-26F2-4B08-B2CC-B88C1FA867DD}.Debug|Any CPU.ActiveCfg = Debug|Any CPU
		{F852D5D6-26F2-4B08-B2CC-B88C1FA867DD}.Debug|Any CPU.Build.0 = Debug|Any CPU
		{F852D5D6-26F2-4B08-B2CC-B88C1FA867DD}.Release|Any CPU.ActiveCfg = Release|Any CPU
		{F852D5D6-26F2-4B08-B2CC-B88C1FA867DD}.Release|Any CPU.Build.0 = Release|Any CPU
		{FBE14497-1BC5-495A-B074-A7BA36E96991}.Debug|Any CPU.ActiveCfg = Debug|Any CPU
		{FBE14497-1BC5-495A-B074-A7BA36E96991}.Debug|Any CPU.Build.0 = Debug|Any CPU
		{FBE14497-1BC5-495A-B074-A7BA36E96991}.Release|Any CPU.ActiveCfg = Release|Any CPU
		{FBE14497-1BC5-495A-B074-A7BA36E96991}.Release|Any CPU.Build.0 = Release|Any CPU
		{D6BAFA40-A38C-4B68-8321-59ABD6581B0A}.Debug|Any CPU.ActiveCfg = Debug|Any CPU
		{D6BAFA40-A38C-4B68-8321-59ABD6581B0A}.Debug|Any CPU.Build.0 = Debug|Any CPU
		{D6BAFA40-A38C-4B68-8321-59ABD6581B0A}.Release|Any CPU.ActiveCfg = Release|Any CPU
		{D6BAFA40-A38C-4B68-8321-59ABD6581B0A}.Release|Any CPU.Build.0 = Release|Any CPU
		{27436255-8554-4CB5-968F-3E4A6C637B44}.Debug|Any CPU.ActiveCfg = Debug|Any CPU
		{27436255-8554-4CB5-968F-3E4A6C637B44}.Debug|Any CPU.Build.0 = Debug|Any CPU
		{27436255-8554-4CB5-968F-3E4A6C637B44}.Release|Any CPU.ActiveCfg = Release|Any CPU
		{27436255-8554-4CB5-968F-3E4A6C637B44}.Release|Any CPU.Build.0 = Release|Any CPU
		{A56F4C96-AEDD-44FC-A55B-8B4FA9FE047B}.Debug|Any CPU.ActiveCfg = Debug|Any CPU
		{A56F4C96-AEDD-44FC-A55B-8B4FA9FE047B}.Debug|Any CPU.Build.0 = Debug|Any CPU
		{A56F4C96-AEDD-44FC-A55B-8B4FA9FE047B}.Release|Any CPU.ActiveCfg = Release|Any CPU
		{A56F4C96-AEDD-44FC-A55B-8B4FA9FE047B}.Release|Any CPU.Build.0 = Release|Any CPU
		{683B812E-EFA9-4C71-B50F-D0BE59ECBE23}.Debug|Any CPU.ActiveCfg = Debug|Any CPU
		{683B812E-EFA9-4C71-B50F-D0BE59ECBE23}.Debug|Any CPU.Build.0 = Debug|Any CPU
		{683B812E-EFA9-4C71-B50F-D0BE59ECBE23}.Release|Any CPU.ActiveCfg = Release|Any CPU
		{683B812E-EFA9-4C71-B50F-D0BE59ECBE23}.Release|Any CPU.Build.0 = Release|Any CPU
		{B7F7AF16-C47D-4C96-8D71-801D4031E67C}.Debug|Any CPU.ActiveCfg = Debug|Any CPU
		{B7F7AF16-C47D-4C96-8D71-801D4031E67C}.Debug|Any CPU.Build.0 = Debug|Any CPU
		{B7F7AF16-C47D-4C96-8D71-801D4031E67C}.Debug|Any CPU.Deploy.0 = Debug|Any CPU
		{B7F7AF16-C47D-4C96-8D71-801D4031E67C}.Release|Any CPU.ActiveCfg = Release|Any CPU
		{B7F7AF16-C47D-4C96-8D71-801D4031E67C}.Release|Any CPU.Build.0 = Release|Any CPU
		{B7F7AF16-C47D-4C96-8D71-801D4031E67C}.Release|Any CPU.Deploy.0 = Release|Any CPU
	EndGlobalSection
	GlobalSection(SolutionProperties) = preSolution
		HideSolutionNode = FALSE
	EndGlobalSection
	GlobalSection(ExtensibilityGlobals) = postSolution
		SolutionGuid = {64E8EE87-D4EE-424B-80F0-59B6A9EECD79}
	EndGlobalSection
EndGlobal
